
Microsoft Visual Studio Solution File, Format Version 12.00
# Visual Studio Version 17
VisualStudioVersion = 17.11.35327.3
MinimumVisualStudioVersion = 10.0.40219.1
Project("{9A19103F-16F7-4668-BE54-9A1E7A4F7556}") = "CodedVector.Response", "src\CodedVector.Response.csproj", "{6E41B087-86D7-41E8-B8D0-09962E9C5DC2}"
EndProject
Project("{2150E333-8FDC-42A3-9474-1A3956D46DE8}") = "SolutionItems", "SolutionItems", "{71C9A8BF-1FBE-47C3-9B66-35749BAB45DA}"
	ProjectSection(SolutionItems) = preProject
		.gitignore = .gitignore
		Directory.Build.props = Directory.Build.props
		Directory.Packages.props = Directory.Packages.props
		LICENSE = LICENSE
		nuget.config = nuget.config
		README.md = README.md
	EndProjectSection
EndProject
Project("{9A19103F-16F7-4668-BE54-9A1E7A4F7556}") = "CodedVector.Response.Tests", "tests\CodedVector.Response.Tests.csproj", "{73EF90A0-F5FB-48D6-9F71-2CA04CC0AB55}"
EndProject
Global
	GlobalSection(SolutionConfigurationPlatforms) = preSolution
		Debug|Any CPU = Debug|Any CPU
		Release|Any CPU = Release|Any CPU
	EndGlobalSection
	GlobalSection(ProjectConfigurationPlatforms) = postSolution
		{6E41B087-86D7-41E8-B8D0-09962E9C5DC2}.Debug|Any CPU.ActiveCfg = Debug|Any CPU
		{6E41B087-86D7-41E8-B8D0-09962E9C5DC2}.Debug|Any CPU.Build.0 = Debug|Any CPU
		{6E41B087-86D7-41E8-B8D0-09962E9C5DC2}.Release|Any CPU.ActiveCfg = Release|Any CPU
		{6E41B087-86D7-41E8-B8D0-09962E9C5DC2}.Release|Any CPU.Build.0 = Release|Any CPU
		{73EF90A0-F5FB-48D6-9F71-2CA04CC0AB55}.Debug|Any CPU.ActiveCfg = Debug|Any CPU
		{73EF90A0-F5FB-48D6-9F71-2CA04CC0AB55}.Debug|Any CPU.Build.0 = Debug|Any CPU
		{73EF90A0-F5FB-48D6-9F71-2CA04CC0AB55}.Release|Any CPU.ActiveCfg = Release|Any CPU
		{73EF90A0-F5FB-48D6-9F71-2CA04CC0AB55}.Release|Any CPU.Build.0 = Release|Any CPU
	EndGlobalSection
	GlobalSection(SolutionProperties) = preSolution
		HideSolutionNode = FALSE
	EndGlobalSection
	GlobalSection(ExtensibilityGlobals) = postSolution
		SolutionGuid = {0688C90B-3925-428B-9085-5B1DF38CB2F2}
	EndGlobalSection
EndGlobal
